
Microsoft Visual Studio Solution File, Format Version 12.00
# Visual Studio Version 16
VisualStudioVersion = 16.0.30717.126
MinimumVisualStudioVersion = 10.0.40219.1
Project("{FAE04EC0-301F-11D3-BF4B-00C04F79EFBC}") = "Server", "Server\Server.csproj", "{7E42C931-BDBF-4F7A-BC3A-B6C85859F965}"
EndProject
Project("{FAE04EC0-301F-11D3-BF4B-00C04F79EFBC}") = "LoggerService", "LoggerService\LoggerService.csproj", "{E977B37D-CA9E-4985-BB81-7D27ACFA14BF}"
EndProject
Project("{FAE04EC0-301F-11D3-BF4B-00C04F79EFBC}") = "Contracts", "..\Contracts\Contracts.csproj", "{2C32AAD6-8BE7-4583-A0B9-E80E1B67FD61}"
EndProject
Global
	GlobalSection(SolutionConfigurationPlatforms) = preSolution
		Debug|Any CPU = Debug|Any CPU
		Release|Any CPU = Release|Any CPU
	EndGlobalSection
	GlobalSection(ProjectConfigurationPlatforms) = postSolution
		{7E42C931-BDBF-4F7A-BC3A-B6C85859F965}.Debug|Any CPU.ActiveCfg = Debug|Any CPU
		{7E42C931-BDBF-4F7A-BC3A-B6C85859F965}.Debug|Any CPU.Build.0 = Debug|Any CPU
		{7E42C931-BDBF-4F7A-BC3A-B6C85859F965}.Release|Any CPU.ActiveCfg = Release|Any CPU
		{7E42C931-BDBF-4F7A-BC3A-B6C85859F965}.Release|Any CPU.Build.0 = Release|Any CPU
		{E977B37D-CA9E-4985-BB81-7D27ACFA14BF}.Debug|Any CPU.ActiveCfg = Debug|Any CPU
		{E977B37D-CA9E-4985-BB81-7D27ACFA14BF}.Debug|Any CPU.Build.0 = Debug|Any CPU
		{E977B37D-CA9E-4985-BB81-7D27ACFA14BF}.Release|Any CPU.ActiveCfg = Release|Any CPU
		{E977B37D-CA9E-4985-BB81-7D27ACFA14BF}.Release|Any CPU.Build.0 = Release|Any CPU
		{2C32AAD6-8BE7-4583-A0B9-E80E1B67FD61}.Debug|Any CPU.ActiveCfg = Debug|Any CPU
		{2C32AAD6-8BE7-4583-A0B9-E80E1B67FD61}.Debug|Any CPU.Build.0 = Debug|Any CPU
		{2C32AAD6-8BE7-4583-A0B9-E80E1B67FD61}.Release|Any CPU.ActiveCfg = Release|Any CPU
		{2C32AAD6-8BE7-4583-A0B9-E80E1B67FD61}.Release|Any CPU.Build.0 = Release|Any CPU
	EndGlobalSection
	GlobalSection(SolutionProperties) = preSolution
		HideSolutionNode = FALSE
	EndGlobalSection
	GlobalSection(ExtensibilityGlobals) = postSolution
		SolutionGuid = {C854D9FD-99D0-43A3-AA61-E0B7C35571F8}
	EndGlobalSection
EndGlobal
